
Microsoft Visual Studio Solution File, Format Version 12.00
# Visual Studio Version 17
VisualStudioVersion = 17.11.35222.181
MinimumVisualStudioVersion = 10.0.40219.1
Project("{FAE04EC0-301F-11D3-BF4B-00C04F79EFBC}") = "Welcome_To_Ooblterra_Sam", "Welcome_To_Ooblterra_Sam.csproj", "{8EF012DE-DAC8-42A5-B383-0C7886F684AE}"
EndProject
Global
	GlobalSection(SolutionConfigurationPlatforms) = preSolution
		Debug|Any CPU = Debug|Any CPU
		Release|Any CPU = Release|Any CPU
	EndGlobalSection
	GlobalSection(ProjectConfigurationPlatforms) = postSolution
		{8EF012DE-DAC8-42A5-B383-0C7886F684AE}.Debug|Any CPU.ActiveCfg = Debug|Any CPU
		{8EF012DE-DAC8-42A5-B383-0C7886F684AE}.Debug|Any CPU.Build.0 = Debug|Any CPU
		{8EF012DE-DAC8-42A5-B383-0C7886F684AE}.Release|Any CPU.ActiveCfg = Release|Any CPU
		{8EF012DE-DAC8-42A5-B383-0C7886F684AE}.Release|Any CPU.Build.0 = Release|Any CPU
	EndGlobalSection
	GlobalSection(SolutionProperties) = preSolution
		HideSolutionNode = FALSE
	EndGlobalSection
	GlobalSection(ExtensibilityGlobals) = postSolution
		SolutionGuid = {BAF80AA4-1CF8-4FA9-914D-733A1352587A}
	EndGlobalSection
EndGlobal
